version = 1
revision = 3
requires-python = ">=3.11"

[[package]]
name = "sqlcipher3"
version = "0.6.2"
source = { registry = "https://pypi.org/simple" }
sdist = { url = "https://files.pythonhosted.org/packages/ae/c1/414003d77549c444bafd636149ab3ace6f4e2cb4666c9955d54ad62096cb/sqlcipher3-0.6.2.tar.gz", hash = "sha256:a2b675289ba8889f389625a21f3a01f1ff159a551b5b88fba8fd92da0e02380a", size = 2663213, upload-time = "2026-01-07T23:13:26.061Z" }
wheels = [
    { url = "https://files.pythonhosted.org/packages/f6/97/6461dc2ab41fbaed4942aaf7d1bac23d8cd130c751d40830ce391e80d332/sqlcipher3-0.6.2-cp311-cp311-macosx_10_9_universal2.whl", hash = "sha256:87432804bf88e9017fc174bdd3d0862a1d1e9ef3c755517595c91da2c59e3808", size = 4942310, upload-time = "2026-01-07T23:11:58.393Z" },
    { url = "https://files.pythonhosted.org/packages/45/dc/73f238aa994e08ac6971838907fd2b80d9bd86277c3c0e99300985287cd5/sqlcipher3-0.6.2-cp311-cp311-macosx_10_9_x86_64.whl", hash = "sha256:eece737c583c285e9bbe3bf829eee3b6624eb6e9dad8ccff7821a45641f436dd", size = 2893419, upload-time = "2026-01-07T23:11:59.762Z" },
    { url = "https://files.pythonhosted.org/packages/e5/4c/098cf3dd0af6ce4cfba88fbdeb63a3b156f4b7f0620f6cc5f35ecfb72607/sqlcipher3-0.6.2-cp311-cp311-macosx_11_0_arm64.whl", hash = "sha256:22e6502c364706fe64695219877f2bb01cdb25450bec81e69c8a08deff8c14ee", size = 3160663, upload-time = "2026-01-07T23:12:01.011Z" },
    { url = "https://files.pythonhosted.org/packages/71/09/5ae806f9f5833ab7decfef0b24471f57c06c10b7fdc2a097a3066d6c80d4/sqlcipher3-0.6.2-cp311-cp311-manylinux_2_28_aarch64.whl", hash = "sha256:0ca92202881bcb69b3703b744b40a3a3476e122d4612a82eb2b0a36f2f78de1d", size = 7252828, upload-time = "2026-01-07T23:12:02.076Z" },
    { url = "https://files.pythonhosted.org/packages/c5/bd/10527a221d2b7c33b1c32058c3882a03033fca013b4f9f98f0befc0fe98e/sqlcipher3-0.6.2-cp311-cp311-manylinux_2_28_i686.whl", hash = "sha256:15abe3de01faa194f1aaea144ff9ecbfdce2991964dcc7ce8ec1ecc5950a4bc4", size = 6868146, upload-time = "2026-01-07T23:12:03.335Z" },
    { url = "https://files.pythonhosted.org/packages/72/b0/faa2a8fc9dc3210e0af31e57c5ec86e8a523eaa3d44e854aa8f95ff66d50/sqlcipher3-0.6.2-cp311-cp311-manylinux_2_28_x86_64.whl", hash = "sha256:0f08e5bb5eb1ab93819c444ebec61fa3349e9690c14f5d0276fd4f61c3049fd9", size = 7031136, upload-time = "2026-01-07T23:12:05.242Z" },
    { url = "https://files.pythonhosted.org/packages/6d/37/1a82b3fc1504741df5aa4dccc6fd4265244e5b5dc98aa95e24321d73f0bb/sqlcipher3-0.6.2-cp311-cp311-musllinux_1_2_aarch64.whl", hash = "sha256:dfe90f1e0e81a8c6c8c4129a8439ed6b9b27a8e32077c59ed3b7f1263e3c5544", size = 7245432, upload-time = "2026-01-07T23:12:07.346Z" },
    { url = "https://files.pythonhosted.org/packages/a3/e5/68bbaa1790e0f2fc571924933db01a6af2991ebf479496934ab5f1b19484/sqlcipher3-0.6.2-cp311-cp311-musllinux_1_2_x86_64.whl", hash = "sha256:a5f805c1f156634e4e91f1b073d95930756fdf23eeeeb7b85c511a5cf165b10c", size = 7051580, upload-time = "2026-01-07T23:12:08.674Z" },
    { url = "https://files.pythonhosted.org/packages/5b/51/0939f292767fe26b978b845cefac077916f5b2f1caae110be89d2b3a79dc/sqlcipher3-0.6.2-cp311-cp311-win32.whl", hash = "sha256:fc08ff475ab0e0f43adca0647d827e81da5fa406bbb6bd04471e28a3ad2864d9", size = 1981400, upload-time = "2026-01-07T23:12:09.849Z" },
    { url = "https://files.pythonhosted.org/packages/9d/87/6cb7a6ced1244350514cf419cbeb442f12f445e3c4d09da0e7a49ac7ee80/sqlcipher3-0.6.2-cp311-cp311-win_amd64.whl", hash = "sha256:4ad7e4a32de907011ea22ac2012c9bca1bb414e2f599c56a55c8b0fe6445b932", size = 2485356, upload-time = "2026-01-07T23:12:11.253Z" },
    { url = "https://files.pythonhosted.org/packages/2c/2f/52f001d2b884047ab490964d37ee7891d497cc891cee7e64bac5672eb7d4/sqlcipher3-0.6.2-cp311-cp311-win_arm64.whl", hash = "sha256:3ad6b39a7fa8c2f7ec471dd29fadbffa19c194fbae1730f013f0d29f5b96fae0", size = 2652186, upload-time = "2026-01-07T23:12:12.488Z" },
    { url = "https://files.pythonhosted.org/packages/96/ac/3612ebe2504d7c6786ddf73d28ae3d2707eb39d6e5730336854071ccb612/sqlcipher3-0.6.2-cp312-cp312-macosx_10_13_universal2.whl", hash = "sha256:a51b18bd782652a2282f9cb1b03b840ba5a6c0c675de6cefb76262c9789c8f06", size = 4944108, upload-time = "2026-01-07T23:12:13.751Z" },
    { url = "https://files.pythonhosted.org/packages/bc/a4/7be8f0199ca6a1a2c6f7bb8118b2e37d29077ade2319d6271b1724d0cc86/sqlcipher3-0.6.2-cp312-cp312-macosx_10_13_x86_64.whl", hash = "sha256:fea0f1264f09d219dd6ce699ffca8cc9022a914661c6efa4390e85a2bf78acf9", size = 2895406, upload-time = "2026-01-07T23:12:14.954Z" },
    { url = "https://files.pythonhosted.org/packages/2f/b7/b9e897cf9e4740ca148fb03b493fa708a9b729ccc0cd656099f16bc9f2fd/sqlcipher3-0.6.2-cp312-cp312-macosx_11_0_arm64.whl", hash = "sha256:bc2edd981e65783bc0d4e337704a9eb436871ab91c68af02ed76354876087642", size = 3161395, upload-time = "2026-01-07T23:12:16.049Z" },
    { url = "https://files.pythonhosted.org/packages/b4/98/57e7f7e170b6065a21735687a94373aba9ce6866708e5a386e6af1a90ff2/sqlcipher3-0.6.2-cp312-cp312-manylinux_2_28_aarch64.whl", hash = "sha256:50f64086da0a5f14281f2b0b459c4d9923b50055813a48ad29baf8c41c7fa56c", size = 7261870, upload-time = "2026-01-07T23:12:17.732Z" },
    { url = "https://files.pythonhosted.org/packages/69/e4/cb0ed654a9642ee707c79f5e46db11518737318fd24968463b5aaa367a31/sqlcipher3-0.6.2-cp312-cp312-manylinux_2_28_i686.whl", hash = "sha256:2288215f462a16996689e1c22d611c94dd865faddb703cb105981dc3c0307b23", size = 6874049, upload-time = "2026-01-07T23:12:19.471Z" },
    { url = "https://files.pythonhosted.org/packages/f5/03/d55fe69fb380dadb2f5d19b3eac9256218243cced6aa4696ef90d560d223/sqlcipher3-0.6.2-cp312-cp312-manylinux_2_28_x86_64.whl", hash = "sha256:6b26d28ca844dc2a69b8f74b390e940db47760f0be4c96d93337c57ae8250a48", size = 7040115, upload-time = "2026-01-07T23:12:21.168Z" },
    { url = "https://files.pythonhosted.org/packages/8c/bd/afe3998add9f877533480f48d0deaa1c42a31832954424f4414539f59bfc/sqlcipher3-0.6.2-cp312-cp312-musllinux_1_2_aarch64.whl", hash = "sha256:11e85c1fa4dfe6bf031af8ada500e94b5a77762355b500580360aa162896cecd", size = 7253646, upload-time = "2026-01-07T23:12:22.467Z" },
    { url = "https://files.pythonhosted.org/packages/da/ff/9723596e7d220d933d5016adcea249b8e6f4f54116219ead6cf919646de4/sqlcipher3-0.6.2-cp312-cp312-musllinux_1_2_x86_64.whl", hash = "sha256:80ae14562d98419b32149e8d66eea567eb3792e149b103ee5c8e1e5c67c5d799", size = 7060703, upload-time = "2026-01-07T23:12:23.907Z" },
    { url = "https://files.pythonhosted.org/packages/c4/63/e220211b098bc54d5345369759e21e4b34804d7e1c9f80f53372e2041b39/sqlcipher3-0.6.2-cp312-cp312-win32.whl", hash = "sha256:fb15c43f8a4f8b6b0ebe62ad2ab97a7946e3b75cb98a02069ff56b7d5a96c415", size = 1982081, upload-time = "2026-01-07T23:12:25.241Z" },
    { url = "https://files.pythonhosted.org/packages/2e/1a/88e8a0b96a52d291e24424cf8a222a6c7cc5356fd0a2287086afff764c2e/sqlcipher3-0.6.2-cp312-cp312-win_amd64.whl", hash = "sha256:8bd60ffb7bfa65bd0e51da3d5c308553d7149f0091d4ea9f754c33d5ebbf0a66", size = 2485691, upload-time = "2026-01-07T23:12:26.498Z" },
    { url = "https://files.pythonhosted.org/packages/5e/83/69217a75ed282dc865c4d658993af935210efe907b5ab6a863365ed6f20b/sqlcipher3-0.6.2-cp312-cp312-win_arm64.whl", hash = "sha256:99148bf4bf8e73c2c35f810f80de776d7de09b6cf277322c07759026400e90d0", size = 2652185, upload-time = "2026-01-07T23:12:27.594Z" },
    { url = "https://files.pythonhosted.org/packages/0e/79/56fb1ea7cffc2ef32446b6fb9ba499464324995f9ea21c88791af9176682/sqlcipher3-0.6.2-cp313-cp313-macosx_10_13_universal2.whl", hash = "sha256:8093773cd59b2a205d2cdb21383a93f7725126497032c269983ed89a89993631", size = 4943278, upload-time = "2026-01-07T23:12:28.735Z" },
    { url = "https://files.pythonhosted.org/packages/98/5f/805772f52b10abe1e1aedba6f8c0ab7fb5eb5ccb4de5dfb51fef71132096/sqlcipher3-0.6.2-cp313-cp313-macosx_10_13_x86_64.whl", hash = "sha256:29f39d50bea02d78a824022989164c171e865bfeced3f9b84d1d45193dae074c", size = 2894958, upload-time = "2026-01-07T23:12:29.863Z" },
    { url = "https://files.pythonhosted.org/packages/56/0d/2cee40de57d47245de09382c64e649c8cc8e86fa549ecba7591633fabf20/sqlcipher3-0.6.2-cp313-cp313-macosx_11_0_arm64.whl", hash = "sha256:8e1ff6079603dfd955d57c26dad5eab14f6baacdc643d8753dd651913ba789cf", size = 3160350, upload-time = "2026-01-07T23:12:30.934Z" },
    { url = "https://files.pythonhosted.org/packages/fc/7a/72e7001af10c5b0e34592eae8e2634c22f1eb67d9859327c2fbbbf2b4961/sqlcipher3-0.6.2-cp313-cp313-manylinux_2_28_aarch64.whl", hash = "sha256:35ae605f7594fca64a6d71007795dd39effd625cdc2a181d47f7d9fc8a5e1965", size = 7257677, upload-time = "2026-01-07T23:12:32.091Z" },
    { url = "https://files.pythonhosted.org/packages/a0/16/2e36fc23f4cc3baad39938c71c2db33a92ffa230a81073aa9186ad33a540/sqlcipher3-0.6.2-cp313-cp313-manylinux_2_28_i686.whl", hash = "sha256:8a3e39ad5f73060232b17715aa3b757e82ec4b67bb6acfc081147f66d00c2659", size = 6870821, upload-time = "2026-01-07T23:12:33.516Z" },
    { url = "https://files.pythonhosted.org/packages/f4/6b/874f72b6f3c3ebbe889e4279a0d422b7271ef7b3c63e45fae80a4ce16ec7/sqlcipher3-0.6.2-cp313-cp313-manylinux_2_28_x86_64.whl", hash = "sha256:9fb7109981583b631ac795e7e955d4bf78058f64b54c7f334ccc437adc322d4b", size = 7037142, upload-time = "2026-01-07T23:12:34.803Z" },
    { url = "https://files.pythonhosted.org/packages/a5/a0/36af1ad4a3d45cc6c3a5dd508d1d5ddd24a6903a478405d40da37b1acc07/sqlcipher3-0.6.2-cp313-cp313-musllinux_1_2_aarch64.whl", hash = "sha256:1ab63dcba15868853cb4d318cceb50dc47b94095e0c434f2785b9b098f3f5b42", size = 7249529, upload-time = "2026-01-07T23:12:36.079Z" },
    { url = "https://files.pythonhosted.org/packages/fd/67/544729cd60a1cd961d6e70b7880a5a2dd18dd38bf9575527b5b2a893daa5/sqlcipher3-0.6.2-cp313-cp313-musllinux_1_2_x86_64.whl", hash = "sha256:16d54822ad2fe44e49818a27f4862ba041f2d4a6aeb69422186379f9af97ced0", size = 7057767, upload-time = "2026-01-07T23:12:37.487Z" },
    { url = "https://files.pythonhosted.org/packages/5b/63/20730edd16df0d5ba8198cf8f4b679335c9db61c469d30ba2ef8adfbee2e/sqlcipher3-0.6.2-cp313-cp313-win32.whl", hash = "sha256:31789ce5ec7dd3f6c4ebd612c9cd9f7079a1d3698829111f7a382b0c10da3a87", size = 1981467, upload-time = "2026-01-07T23:12:39.16Z" },
    { url = "https://files.pythonhosted.org/packages/ab/e3/11e2e945557fe300bc399d9fafbba9154089f84483f4940546fd81b49b29/sqlcipher3-0.6.2-cp313-cp313-win_amd64.whl", hash = "sha256:9dc959ff792228c6df836cfd3667c713ae13e6e18dc2905c9d5666558606e832", size = 2485219, upload-time = "2026-01-07T23:12:40.473Z" },
    { url = "https://files.pythonhosted.org/packages/f3/79/245ef275ef93b45005e000105eb62df5779c056b1ba699eb7b5ba663a1c8/sqlcipher3-0.6.2-cp313-cp313-win_arm64.whl", hash = "sha256:30eeac16e755e5b0cff584ff541d3001bfcfc20be0ae364ff5305bbaeccbb3f1", size = 2651933, upload-time = "2026-01-07T23:12:41.727Z" },
    { url = "https://files.pythonhosted.org/packages/27/a6/8e0ac8e198ba5c92b4af150f1b405968dacb399259bb74e732818dbacb46/sqlcipher3-0.6.2-cp314-cp314-macosx_10_15_universal2.whl", hash = "sha256:dae7ce66554f2416d9e9012cc78dfe4d4053385e7fa289a8d0bd7772e5f5a702", size = 4943422, upload-time = "2026-01-07T23:12:42.883Z" },
    { url = "https://files.pythonhosted.org/packages/e1/99/72b4e23936bd4065fb97c07429a395c828a1d7419776219c7e98932df14f/sqlcipher3-0.6.2-cp314-cp314-macosx_10_15_x86_64.whl", hash = "sha256:be137cc92c9a039e469a758ee55e27e2385f419d1387f24e2029c536aa5d9736", size = 2894925, upload-time = "2026-01-07T23:12:44.133Z" },
    { url = "https://files.pythonhosted.org/packages/f6/01/f3552874b158d83c15fb9d550576020cc42b34019d0daf3291b381fbfb01/sqlcipher3-0.6.2-cp314-cp314-macosx_11_0_arm64.whl", hash = "sha256:5c1f4a5805faa418c9c7290e6a556a8c5abae40ea59b04d76e960e33c257e618", size = 3160559, upload-time = "2026-01-07T23:12:45.552Z" },
    { url = "https://files.pythonhosted.org/packages/20/a0/274cbe5180a837818f5502823b5fa20f198546abc36ee56803636db5dcaf/sqlcipher3-0.6.2-cp314-cp314-manylinux_2_28_aarch64.whl", hash = "sha256:e2328f0848ffb78807cf0898749dc22ff3f5aa95ab0d5a8a253628de20c11a1c", size = 7257835, upload-time = "2026-01-07T23:12:46.856Z" },
    { url = "https://files.pythonhosted.org/packages/d5/49/0d9a84435658ea3a6cdbb54cb8e67725e4c146726d008248531dca146eb7/sqlcipher3-0.6.2-cp314-cp314-manylinux_2_28_i686.whl", hash = "sha256:a1fbb693bf7c2f6f46ed038544b0bf76ea43dcc3231905cf5a686af15dc9b424", size = 6872199, upload-time = "2026-01-07T23:12:48.235Z" },
    { url = "https://files.pythonhosted.org/packages/ff/12/8d554633c3975f429e07cf07e136fb94ace10b460e1cb86b4c8019b7cdb4/sqlcipher3-0.6.2-cp314-cp314-manylinux_2_28_x86_64.whl", hash = "sha256:e00988174ecd67ecd4537504c3df55bf8daeb75fce98401f099dff8e22c43ae1", size = 7037131, upload-time = "2026-01-07T23:12:49.416Z" },
    { url = "https://files.pythonhosted.org/packages/2e/7a/58dbb21db860d006d2be466678e7fdc317118a55c0e8a3e2a7f848f42112/sqlcipher3-0.6.2-cp314-cp314-musllinux_1_2_aarch64.whl", hash = "sha256:a105e816579bb7cce6f03e7e208b06d6d886c6445e1c738ed9aa2febabff3041", size = 7250574, upload-time = "2026-01-07T23:12:50.73Z" },
    { url = "https://files.pythonhosted.org/packages/62/84/8d1f55fd8fadef56b40ee19bfae23100b5ff883bec65582a12a4bfbd56d5/sqlcipher3-0.6.2-cp314-cp314-musllinux_1_2_x86_64.whl", hash = "sha256:e3a936d7414ae62f40880668bc036b0fde1ef0f48ed86cfe6564340f780ceea4", size = 7058156, upload-time = "2026-01-07T23:12:52.13Z" },
    { url = "https://files.pythonhosted.org/packages/d5/0d/80861eeeba9f5f6a0f202b3d27f9ab696e2c885442ed9340ad96ba0ed66c/sqlcipher3-0.6.2-cp314-cp314-win32.whl", hash = "sha256:7a07dafe752e013d4030accf218e80472d08de1309ddaf26df6f02d0850b2cec", size = 2028880, upload-time = "2026-01-07T23:12:53.316Z" },
    { url = "https://files.pythonhosted.org/packages/a6/11/950f0b092588866213e5d89b08701d24a938c9df116673bba54ac35f61af/sqlcipher3-0.6.2-cp314-cp314-win_amd64.whl", hash = "sha256:7de6133b19aec27b30698267cc2a0ea6e82c21d9a81d349cf0b480439fb549ac", size = 2556915, upload-time = "2026-01-07T23:12:54.615Z" },
    { url = "https://files.pythonhosted.org/packages/5c/e7/cc1ce8e013bb84b8429b9736de7aca58b738781b08230bc9ba1c1e1a6d55/sqlcipher3-0.6.2-cp314-cp314-win_arm64.whl", hash = "sha256:765e133bd4ddda5596275f1221fa63b2b5d7d2b6e3670809bbf630edb705e27a", size = 2722598, upload-time = "2026-01-07T23:12:55.743Z" },
    { url = "https://files.pythonhosted.org/packages/26/68/611dd86b446e069f769cf129cde96967982e0b41f49e66df9d3d21255df7/sqlcipher3-0.6.2-cp314-cp314t-macosx_10_15_universal2.whl", hash = "sha256:83533b5b7622ec9b78bec7596d96534e30015136f3e3e69a22f836fc59e393bc", size = 4947511, upload-time = "2026-01-07T23:12:56.968Z" },
    { url = "https://files.pythonhosted.org/packages/80/24/b7e39a394841d56a678edb4b5a3b259b5a07bbb86a3863e15c5e1b041a58/sqlcipher3-0.6.2-cp314-cp314t-macosx_10_15_x86_64.whl", hash = "sha256:310d7adbea382bda31007ee7d3dc63ba6ca86fcf7c0626ea804161fad2efce5e", size = 2896925, upload-time = "2026-01-07T23:12:58.09Z" },
    { url = "https://files.pythonhosted.org/packages/31/ff/0b4b0cb02dd4084325bce526f0f4467c6a1ebcdf8fc625516734640f37ba/sqlcipher3-0.6.2-cp314-cp314t-macosx_11_0_arm64.whl", hash = "sha256:1010c4ff1ff13a7e53284a3b03980754dbd37e6eea6faed9c6409e52bac082e6", size = 3164288, upload-time = "2026-01-07T23:12:59.362Z" },
    { url = "https://files.pythonhosted.org/packages/d0/c3/bab9952c3c1bbde45313716610c5dcd36528b315228ac0b51e2d45217509/sqlcipher3-0.6.2-cp314-cp314t-manylinux_2_28_aarch64.whl", hash = "sha256:d437215611b620b32cb6b68dbc66dbeaccdfb3f76a7b6d8118a40849f8612088", size = 7300761, upload-time = "2026-01-07T23:13:00.836Z" },
    { url = "https://files.pythonhosted.org/packages/2b/ca/3315292ed9ddbcd2de28f445ad11cc4a7f710d8b2ab2095aa0a629682d25/sqlcipher3-0.6.2-cp314-cp314t-manylinux_2_28_i686.whl", hash = "sha256:09e4170b1b2744b02b1c9315996a228d0b8d8a3ec1a0f7d4d41db0e79872fcea", size = 6911561, upload-time = "2026-01-07T23:13:02.072Z" },
    { url = "https://files.pythonhosted.org/packages/a8/66/fdfdb11110d7166ca3707180d9ce85642be096d348072aba0ef8483b307a/sqlcipher3-0.6.2-cp314-cp314t-manylinux_2_28_x86_64.whl", hash = "sha256:bb4eaa9093bd46a7d51a65b9f63bac29ec4fc6b4ac794083e53eeb49f6db7e2c", size = 7074025, upload-time = "2026-01-07T23:13:03.327Z" },
    { url = "https://files.pythonhosted.org/packages/ca/24/69b9bdc5ae7859a009b5336515c7e4ea5d58dfe3e358e44fabbcdd1431ae/sqlcipher3-0.6.2-cp314-cp314t-musllinux_1_2_aarch64.whl", hash = "sha256:782111277cbd999b7bc4e9e910396492ee28397c2c60ef7287b6dbc36a0b6a24", size = 7293516, upload-time = "2026-01-07T23:13:04.67Z" },
    { url = "https://files.pythonhosted.org/packages/07/1b/2a62a605851b6ada8686c31b0cd82dd4305b7b19a57af3dbf7fe43249d1e/sqlcipher3-0.6.2-cp314-cp314t-musllinux_1_2_x86_64.whl", hash = "sha256:a01424f0d0120e8d9d3e0e1751ef78e70867bbce91f283b56911e8c6adaafddb", size = 7096368, upload-time = "2026-01-07T23:13:06.205Z" },
    { url = "https://files.pythonhosted.org/packages/c1/7a/6c7d3356c9885e87a49d8f649f25019125ce6e68b4c8bb3933538d7add2c/sqlcipher3-0.6.2-cp314-cp314t-win32.whl", hash = "sha256:311fa50be627a4d1566bed31fd7725dec535a71332dcefdcdf9ec2472c4f824d", size = 2031516, upload-time = "2026-01-07T23:13:07.374Z" },
    { url = "https://files.pythonhosted.org/packages/47/be/42d8d5cbcd0a89a5d7bfa1fe2ff986355d8b5910445b92f9d109b18eca93/sqlcipher3-0.6.2-cp314-cp314t-win_amd64.whl", hash = "sha256:7ac16581a5b80c54237c5f08f2e488051dfa7f52e3890e7765a6364d5bb3a2c6", size = 2559803, upload-time = "2026-01-07T23:13:08.447Z" },
    { url = "https://files.pythonhosted.org/packages/9d/27/140a300fd151773604c4ff75ff5785febf25071231f239d6ce84b32e1408/sqlcipher3-0.6.2-cp314-cp314t-win_arm64.whl", hash = "sha256:76125dd222f4946302f70281e155ae9336efa4bc6fabdc81a7ae9bd4dfce9180", size = 2724322, upload-time = "2026-01-07T23:13:09.5Z" },
]

[[package]]
name = "vigil"
version = "0.1.0"
source = { virtual = "." }
dependencies = [
    { name = "sqlcipher3" },
]

[package.metadata]
requires-dist = [{ name = "sqlcipher3", specifier = ">=0.6.2" }]
